
Microsoft Visual Studio Solution File, Format Version 12.00
# Visual Studio Version 17
VisualStudioVersion = 17.5.002.0
MinimumVisualStudioVersion = 10.0.40219.1
Project("{9A19103F-16F7-4668-BE54-9A1E7A4F7556}") = "SekTid", "SekTid.csproj", "{983FAA6C-2B78-4199-AB4E-BB7D9726575B}"
EndProject
Global
	GlobalSection(SolutionConfigurationPlatforms) = preSolution
		Debug|Any CPU = Debug|Any CPU
		Release|Any CPU = Release|Any CPU
	EndGlobalSection
	GlobalSection(ProjectConfigurationPlatforms) = postSolution
		{983FAA6C-2B78-4199-AB4E-BB7D9726575B}.Debug|Any CPU.ActiveCfg = Debug|Any CPU
		{983FAA6C-2B78-4199-AB4E-BB7D9726575B}.Debug|Any CPU.Build.0 = Debug|Any CPU
		{983FAA6C-2B78-4199-AB4E-BB7D9726575B}.Release|Any CPU.ActiveCfg = Release|Any CPU
		{983FAA6C-2B78-4199-AB4E-BB7D9726575B}.Release|Any CPU.Build.0 = Release|Any CPU
	EndGlobalSection
	GlobalSection(SolutionProperties) = preSolution
		HideSolutionNode = FALSE
	EndGlobalSection
	GlobalSection(ExtensibilityGlobals) = postSolution
		SolutionGuid = {13D11302-45D2-40B5-AC5A-84052521AA58}
	EndGlobalSection
EndGlobal
