
Microsoft Visual Studio Solution File, Format Version 12.00
# Visual Studio Version 17
VisualStudioVersion = 17.5.002.0
MinimumVisualStudioVersion = 10.0.40219.1
Project("{9A19103F-16F7-4668-BE54-9A1E7A4F7556}") = "HelloWorld", "HelloWorld\HelloWorld.csproj", "{F4BC317D-726B-4912-A4D3-4C085AD238F9}"
EndProject
Project("{2150E333-8FDC-42A3-9474-1A3956D46DE8}") = "Kapitel-1", "Kapitel-1", "{18C1E0F0-4F2E-4EA9-801C-C98BA6BA2C68}"
EndProject
Project("{9A19103F-16F7-4668-BE54-9A1E7A4F7556}") = "Lucktext", "Kapitel-1\Lucktext\Lucktext.csproj", "{BFAF0132-A0AA-4D85-ACDA-CEA06E3147A6}"
EndProject
Project("{9A19103F-16F7-4668-BE54-9A1E7A4F7556}") = "Registering", "Kapitel-1\Registering\Registering.csproj", "{57AF6E3C-BA05-4F63-A9D5-287875DC68A6}"
EndProject
Project("{2150E333-8FDC-42A3-9474-1A3956D46DE8}") = "Kapitel-3", "Kapitel-3", "{47A72C57-0B4D-4C26-9446-2C21B90E23D2}"
EndProject
Project("{9A19103F-16F7-4668-BE54-9A1E7A4F7556}") = "EngChart", "Kapitel-3\EngChart\EngChart.csproj", "{BFB40CEC-9517-467B-A534-FAAFEB65E0D3}"
EndProject
Project("{9A19103F-16F7-4668-BE54-9A1E7A4F7556}") = "InteractiveBerättlse", "Kapitel-3\InteractiveBerättlse\InteractiveBerättlse.csproj", "{59BA6C6F-935A-4B5C-B986-32C49076767E}"
EndProject
Global
	GlobalSection(SolutionConfigurationPlatforms) = preSolution
		Debug|Any CPU = Debug|Any CPU
		Release|Any CPU = Release|Any CPU
	EndGlobalSection
	GlobalSection(ProjectConfigurationPlatforms) = postSolution
		{F4BC317D-726B-4912-A4D3-4C085AD238F9}.Debug|Any CPU.ActiveCfg = Debug|Any CPU
		{F4BC317D-726B-4912-A4D3-4C085AD238F9}.Debug|Any CPU.Build.0 = Debug|Any CPU
		{F4BC317D-726B-4912-A4D3-4C085AD238F9}.Release|Any CPU.ActiveCfg = Release|Any CPU
		{F4BC317D-726B-4912-A4D3-4C085AD238F9}.Release|Any CPU.Build.0 = Release|Any CPU
		{BFAF0132-A0AA-4D85-ACDA-CEA06E3147A6}.Debug|Any CPU.ActiveCfg = Debug|Any CPU
		{BFAF0132-A0AA-4D85-ACDA-CEA06E3147A6}.Debug|Any CPU.Build.0 = Debug|Any CPU
		{BFAF0132-A0AA-4D85-ACDA-CEA06E3147A6}.Release|Any CPU.ActiveCfg = Release|Any CPU
		{BFAF0132-A0AA-4D85-ACDA-CEA06E3147A6}.Release|Any CPU.Build.0 = Release|Any CPU
		{57AF6E3C-BA05-4F63-A9D5-287875DC68A6}.Debug|Any CPU.ActiveCfg = Debug|Any CPU
		{57AF6E3C-BA05-4F63-A9D5-287875DC68A6}.Debug|Any CPU.Build.0 = Debug|Any CPU
		{57AF6E3C-BA05-4F63-A9D5-287875DC68A6}.Release|Any CPU.ActiveCfg = Release|Any CPU
		{57AF6E3C-BA05-4F63-A9D5-287875DC68A6}.Release|Any CPU.Build.0 = Release|Any CPU
		{BFB40CEC-9517-467B-A534-FAAFEB65E0D3}.Debug|Any CPU.ActiveCfg = Debug|Any CPU
		{BFB40CEC-9517-467B-A534-FAAFEB65E0D3}.Debug|Any CPU.Build.0 = Debug|Any CPU
		{BFB40CEC-9517-467B-A534-FAAFEB65E0D3}.Release|Any CPU.ActiveCfg = Release|Any CPU
		{BFB40CEC-9517-467B-A534-FAAFEB65E0D3}.Release|Any CPU.Build.0 = Release|Any CPU
		{59BA6C6F-935A-4B5C-B986-32C49076767E}.Debug|Any CPU.ActiveCfg = Debug|Any CPU
		{59BA6C6F-935A-4B5C-B986-32C49076767E}.Debug|Any CPU.Build.0 = Debug|Any CPU
		{59BA6C6F-935A-4B5C-B986-32C49076767E}.Release|Any CPU.ActiveCfg = Release|Any CPU
		{59BA6C6F-935A-4B5C-B986-32C49076767E}.Release|Any CPU.Build.0 = Release|Any CPU
	EndGlobalSection
	GlobalSection(SolutionProperties) = preSolution
		HideSolutionNode = FALSE
	EndGlobalSection
	GlobalSection(NestedProjects) = preSolution
		{BFAF0132-A0AA-4D85-ACDA-CEA06E3147A6} = {18C1E0F0-4F2E-4EA9-801C-C98BA6BA2C68}
		{57AF6E3C-BA05-4F63-A9D5-287875DC68A6} = {18C1E0F0-4F2E-4EA9-801C-C98BA6BA2C68}
		{BFB40CEC-9517-467B-A534-FAAFEB65E0D3} = {47A72C57-0B4D-4C26-9446-2C21B90E23D2}
		{59BA6C6F-935A-4B5C-B986-32C49076767E} = {47A72C57-0B4D-4C26-9446-2C21B90E23D2}
	EndGlobalSection
	GlobalSection(ExtensibilityGlobals) = postSolution
		SolutionGuid = {8AF26592-63BE-4A3E-B00B-AA0FAA49A947}
	EndGlobalSection
EndGlobal
