
Microsoft Visual Studio Solution File, Format Version 12.00
# Visual Studio Version 17
VisualStudioVersion = 17.5.002.0
MinimumVisualStudioVersion = 10.0.40219.1
Project("{9A19103F-16F7-4668-BE54-9A1E7A4F7556}") = "HelloWorld", "HelloWorld.csproj", "{83BB2662-ACAD-42A8-A3F5-84C7A68416AA}"
EndProject
Global
	GlobalSection(SolutionConfigurationPlatforms) = preSolution
		Debug|Any CPU = Debug|Any CPU
		Release|Any CPU = Release|Any CPU
	EndGlobalSection
	GlobalSection(ProjectConfigurationPlatforms) = postSolution
		{83BB2662-ACAD-42A8-A3F5-84C7A68416AA}.Debug|Any CPU.ActiveCfg = Debug|Any CPU
		{83BB2662-ACAD-42A8-A3F5-84C7A68416AA}.Debug|Any CPU.Build.0 = Debug|Any CPU
		{83BB2662-ACAD-42A8-A3F5-84C7A68416AA}.Release|Any CPU.ActiveCfg = Release|Any CPU
		{83BB2662-ACAD-42A8-A3F5-84C7A68416AA}.Release|Any CPU.Build.0 = Release|Any CPU
	EndGlobalSection
	GlobalSection(SolutionProperties) = preSolution
		HideSolutionNode = FALSE
	EndGlobalSection
	GlobalSection(ExtensibilityGlobals) = postSolution
		SolutionGuid = {8AF26592-63BE-4A3E-B00B-AA0FAA49A947}
	EndGlobalSection
EndGlobal
