Microsoft Visual Studio Solution File, Format Version 12.00
# Visual Studio Version 17
VisualStudioVersion = 17.5.2.0
MinimumVisualStudioVersion = 10.0.40219.1
Project("{FAE04EC0-301F-11D3-BF4B-00C04F79EFBC}") = "MetoderSomRetunerar", "MetoderSomRetunerar.csproj", "{C88829C5-B66B-0859-6E75-AD81E965E123}"
EndProject
Global
	GlobalSection(SolutionConfigurationPlatforms) = preSolution
		Debug|Any CPU = Debug|Any CPU
		Release|Any CPU = Release|Any CPU
	EndGlobalSection
	GlobalSection(ProjectConfigurationPlatforms) = postSolution
		{C88829C5-B66B-0859-6E75-AD81E965E123}.Debug|Any CPU.ActiveCfg = Debug|Any CPU
		{C88829C5-B66B-0859-6E75-AD81E965E123}.Debug|Any CPU.Build.0 = Debug|Any CPU
		{C88829C5-B66B-0859-6E75-AD81E965E123}.Release|Any CPU.ActiveCfg = Release|Any CPU
		{C88829C5-B66B-0859-6E75-AD81E965E123}.Release|Any CPU.Build.0 = Release|Any CPU
	EndGlobalSection
	GlobalSection(SolutionProperties) = preSolution
		HideSolutionNode = FALSE
	EndGlobalSection
	GlobalSection(ExtensibilityGlobals) = postSolution
		SolutionGuid = {16CA8A0F-F0BB-4FF9-9280-211BD8452FAE}
	EndGlobalSection
EndGlobal
